
Microsoft Visual Studio Solution File, Format Version 12.00
# Visual Studio 15
VisualStudioVersion = 15.0.28307.102
MinimumVisualStudioVersion = 10.0.40219.1
Project("{FAE04EC0-301F-11D3-BF4B-00C04F79EFBC}") = "dplayx", "dplayx\dplayx.csproj", "{450E707E-BF6A-45AA-90FC-94EAE541E8A9}"
EndProject
Project("{FAE04EC0-301F-11D3-BF4B-00C04F79EFBC}") = "Test", "Test\Test.csproj", "{F8159F7B-6CCF-46C1-A04D-43A416BA69F2}"
EndProject
Project("{FAE04EC0-301F-11D3-BF4B-00C04F79EFBC}") = "DllExporter", "DllExporter\DllExporter.csproj", "{91C39DB0-92A3-4C7F-A78C-48A4B9DA93C9}"
EndProject
Global
	GlobalSection(SolutionConfigurationPlatforms) = preSolution
		Debug|Any CPU = Debug|Any CPU
		Release|Any CPU = Release|Any CPU
	EndGlobalSection
	GlobalSection(ProjectConfigurationPlatforms) = postSolution
		{450E707E-BF6A-45AA-90FC-94EAE541E8A9}.Debug|Any CPU.ActiveCfg = Debug|Any CPU
		{450E707E-BF6A-45AA-90FC-94EAE541E8A9}.Debug|Any CPU.Build.0 = Debug|Any CPU
		{450E707E-BF6A-45AA-90FC-94EAE541E8A9}.Release|Any CPU.ActiveCfg = Release|Any CPU
		{450E707E-BF6A-45AA-90FC-94EAE541E8A9}.Release|Any CPU.Build.0 = Release|Any CPU
		{F8159F7B-6CCF-46C1-A04D-43A416BA69F2}.Debug|Any CPU.ActiveCfg = Debug|Any CPU
		{F8159F7B-6CCF-46C1-A04D-43A416BA69F2}.Debug|Any CPU.Build.0 = Debug|Any CPU
		{F8159F7B-6CCF-46C1-A04D-43A416BA69F2}.Release|Any CPU.ActiveCfg = Release|Any CPU
		{F8159F7B-6CCF-46C1-A04D-43A416BA69F2}.Release|Any CPU.Build.0 = Release|Any CPU
		{91C39DB0-92A3-4C7F-A78C-48A4B9DA93C9}.Debug|Any CPU.ActiveCfg = Debug|Any CPU
		{91C39DB0-92A3-4C7F-A78C-48A4B9DA93C9}.Debug|Any CPU.Build.0 = Debug|Any CPU
		{91C39DB0-92A3-4C7F-A78C-48A4B9DA93C9}.Release|Any CPU.ActiveCfg = Release|Any CPU
		{91C39DB0-92A3-4C7F-A78C-48A4B9DA93C9}.Release|Any CPU.Build.0 = Release|Any CPU
	EndGlobalSection
	GlobalSection(SolutionProperties) = preSolution
		HideSolutionNode = FALSE
	EndGlobalSection
	GlobalSection(ExtensibilityGlobals) = postSolution
		SolutionGuid = {999621C9-39CE-4368-BD58-36900D54C50C}
	EndGlobalSection
EndGlobal
